
Microsoft Visual Studio Solution File, Format Version 12.00
# Visual Studio Version 16
VisualStudioVersion = 16.0.31313.79
MinimumVisualStudioVersion = 10.0.40219.1
Project("{FAE04EC0-301F-11D3-BF4B-00C04F79EFBC}") = "Generator imena", "Generator imena\Generator imena.csproj", "{D4540291-7FBD-40FE-9AA2-95400125C73F}"
EndProject
Global
	GlobalSection(SolutionConfigurationPlatforms) = preSolution
		Debug|Any CPU = Debug|Any CPU
		Release|Any CPU = Release|Any CPU
	EndGlobalSection
	GlobalSection(ProjectConfigurationPlatforms) = postSolution
		{D4540291-7FBD-40FE-9AA2-95400125C73F}.Debug|Any CPU.ActiveCfg = Debug|Any CPU
		{D4540291-7FBD-40FE-9AA2-95400125C73F}.Debug|Any CPU.Build.0 = Debug|Any CPU
		{D4540291-7FBD-40FE-9AA2-95400125C73F}.Release|Any CPU.ActiveCfg = Release|Any CPU
		{D4540291-7FBD-40FE-9AA2-95400125C73F}.Release|Any CPU.Build.0 = Release|Any CPU
	EndGlobalSection
	GlobalSection(SolutionProperties) = preSolution
		HideSolutionNode = FALSE
	EndGlobalSection
	GlobalSection(ExtensibilityGlobals) = postSolution
		SolutionGuid = {DC3EAD2D-D4D1-40C3-9B01-011233B19676}
	EndGlobalSection
EndGlobal
